{
  "name": "Mediapipe",
  "lockfileVersion": 2,
  "requires": true,
  "packages": {
    "": {
      "dependencies": {
        "@mediapipe/objectron": "^0.4.1636596145",
        "device-detector-js": "^3.0.3"
      },
      "devDependencies": {
        "@types/node": "^18.11.15",
        "typescript": "^4.9.4"
      }
    },
    "node_modules/@mediapipe/objectron": {
      "version": "0.4.1636596145",
      "resolved": "https://registry.npmjs.org/@mediapipe/objectron/-/objectron-0.4.1636596145.tgz",
      "integrity": "sha512-82Ue+loxBVjzUj4OkpW9U29QurZaT86hvoFfOmktwfOhjoxax7COvliAzANlkryM0HN+vCc8Nkcznk6fAcxYDw=="
    },
    "node_modules/@types/node": {
      "version": "18.11.15",
      "resolved": "https://registry.npmjs.org/@types/node/-/node-18.11.15.tgz",
      "integrity": "sha512-VkhBbVo2+2oozlkdHXLrb3zjsRkpdnaU2bXmX8Wgle3PUi569eLRaHGlgETQHR7lLL1w7GiG3h9SnePhxNDecw==",
      "dev": true
    },
    "node_modules/device-detector-js": {
      "version": "3.0.3",
      "resolved": "https://registry.npmjs.org/device-detector-js/-/device-detector-js-3.0.3.tgz",
      "integrity": "sha512-jM89LJAvP6uOd84at8OlD9dWP8KeYCCHUde0RT0HQo/stdoRH4b54Xl/fntx2nEXCmqiFhmo+/cJetS2VGUHPw==",
      "engines": {
        "node": ">= 8.11.4"
      }
    },
    "node_modules/typescript": {
      "version": "4.9.4",
      "resolved": "https://registry.npmjs.org/typescript/-/typescript-4.9.4.tgz",
      "integrity": "sha512-Uz+dTXYzxXXbsFpM86Wh3dKCxrQqUcVMxwU54orwlJjOpO3ao8L7j5lH+dWfTwgCwIuM9GQ2kvVotzYJMXTBZg==",
      "dev": true,
      "bin": {
        "tsc": "bin/tsc",
        "tsserver": "bin/tsserver"
      },
      "engines": {
        "node": ">=4.2.0"
      }
    }
  },
  "dependencies": {
    "@mediapipe/objectron": {
      "version": "0.4.1636596145",
      "resolved": "https://registry.npmjs.org/@mediapipe/objectron/-/objectron-0.4.1636596145.tgz",
      "integrity": "sha512-82Ue+loxBVjzUj4OkpW9U29QurZaT86hvoFfOmktwfOhjoxax7COvliAzANlkryM0HN+vCc8Nkcznk6fAcxYDw=="
    },
    "@types/node": {
      "version": "18.11.15",
      "resolved": "https://registry.npmjs.org/@types/node/-/node-18.11.15.tgz",
      "integrity": "sha512-VkhBbVo2+2oozlkdHXLrb3zjsRkpdnaU2bXmX8Wgle3PUi569eLRaHGlgETQHR7lLL1w7GiG3h9SnePhxNDecw==",
      "dev": true
    },
    "device-detector-js": {
      "version": "3.0.3",
      "resolved": "https://registry.npmjs.org/device-detector-js/-/device-detector-js-3.0.3.tgz",
      "integrity": "sha512-jM89LJAvP6uOd84at8OlD9dWP8KeYCCHUde0RT0HQo/stdoRH4b54Xl/fntx2nEXCmqiFhmo+/cJetS2VGUHPw=="
    },
    "typescript": {
      "version": "4.9.4",
      "resolved": "https://registry.npmjs.org/typescript/-/typescript-4.9.4.tgz",
      "integrity": "sha512-Uz+dTXYzxXXbsFpM86Wh3dKCxrQqUcVMxwU54orwlJjOpO3ao8L7j5lH+dWfTwgCwIuM9GQ2kvVotzYJMXTBZg==",
      "dev": true
    }
  }
}
